
Microsoft Visual Studio Solution File, Format Version 12.00
# Visual Studio Version 16
VisualStudioVersion = 16.0.31729.503
MinimumVisualStudioVersion = 10.0.40219.1
Project("{FAE04EC0-301F-11D3-BF4B-00C04F79EFBC}") = "Class vs. Instance", "Class vs. Instance\Class vs. Instance.csproj", "{EF17149D-38E0-442B-966B-84779B5D8430}"
EndProject
Global
	GlobalSection(SolutionConfigurationPlatforms) = preSolution
		Debug|Any CPU = Debug|Any CPU
		Release|Any CPU = Release|Any CPU
	EndGlobalSection
	GlobalSection(ProjectConfigurationPlatforms) = postSolution
		{EF17149D-38E0-442B-966B-84779B5D8430}.Debug|Any CPU.ActiveCfg = Debug|Any CPU
		{EF17149D-38E0-442B-966B-84779B5D8430}.Debug|Any CPU.Build.0 = Debug|Any CPU
		{EF17149D-38E0-442B-966B-84779B5D8430}.Release|Any CPU.ActiveCfg = Release|Any CPU
		{EF17149D-38E0-442B-966B-84779B5D8430}.Release|Any CPU.Build.0 = Release|Any CPU
	EndGlobalSection
	GlobalSection(SolutionProperties) = preSolution
		HideSolutionNode = FALSE
	EndGlobalSection
	GlobalSection(ExtensibilityGlobals) = postSolution
		SolutionGuid = {593E4722-DAB1-41CB-AF75-164FAD9D87C0}
	EndGlobalSection
EndGlobal
