
Microsoft Visual Studio Solution File, Format Version 12.00
# Visual Studio Version 16
VisualStudioVersion = 16.0.31729.503
MinimumVisualStudioVersion = 10.0.40219.1
Project("{FAE04EC0-301F-11D3-BF4B-00C04F79EFBC}") = "Koleksiyonlar-Odev-2", "Koleksiyonlar-Odev-2\Koleksiyonlar-Odev-2.csproj", "{F43179A9-77EC-4C36-9676-A893B249CD9F}"
EndProject
Global
	GlobalSection(SolutionConfigurationPlatforms) = preSolution
		Debug|Any CPU = Debug|Any CPU
		Release|Any CPU = Release|Any CPU
	EndGlobalSection
	GlobalSection(ProjectConfigurationPlatforms) = postSolution
		{F43179A9-77EC-4C36-9676-A893B249CD9F}.Debug|Any CPU.ActiveCfg = Debug|Any CPU
		{F43179A9-77EC-4C36-9676-A893B249CD9F}.Debug|Any CPU.Build.0 = Debug|Any CPU
		{F43179A9-77EC-4C36-9676-A893B249CD9F}.Release|Any CPU.ActiveCfg = Release|Any CPU
		{F43179A9-77EC-4C36-9676-A893B249CD9F}.Release|Any CPU.Build.0 = Release|Any CPU
	EndGlobalSection
	GlobalSection(SolutionProperties) = preSolution
		HideSolutionNode = FALSE
	EndGlobalSection
	GlobalSection(ExtensibilityGlobals) = postSolution
		SolutionGuid = {1C48B8BD-7836-454B-9158-11B756FEF7FB}
	EndGlobalSection
EndGlobal
