
Microsoft Visual Studio Solution File, Format Version 12.00
# Visual Studio Version 16
VisualStudioVersion = 16.0.31729.503
MinimumVisualStudioVersion = 10.0.40219.1
Project("{FAE04EC0-301F-11D3-BF4B-00C04F79EFBC}") = "Encapsulation", "Encapsulation\Encapsulation.csproj", "{384C4170-DC01-4FFD-A869-64B8A48413FE}"
EndProject
Global
	GlobalSection(SolutionConfigurationPlatforms) = preSolution
		Debug|Any CPU = Debug|Any CPU
		Release|Any CPU = Release|Any CPU
	EndGlobalSection
	GlobalSection(ProjectConfigurationPlatforms) = postSolution
		{384C4170-DC01-4FFD-A869-64B8A48413FE}.Debug|Any CPU.ActiveCfg = Debug|Any CPU
		{384C4170-DC01-4FFD-A869-64B8A48413FE}.Debug|Any CPU.Build.0 = Debug|Any CPU
		{384C4170-DC01-4FFD-A869-64B8A48413FE}.Release|Any CPU.ActiveCfg = Release|Any CPU
		{384C4170-DC01-4FFD-A869-64B8A48413FE}.Release|Any CPU.Build.0 = Release|Any CPU
	EndGlobalSection
	GlobalSection(SolutionProperties) = preSolution
		HideSolutionNode = FALSE
	EndGlobalSection
	GlobalSection(ExtensibilityGlobals) = postSolution
		SolutionGuid = {BD5B521B-7BC7-4E36-91D9-DAE70C802967}
	EndGlobalSection
EndGlobal
