
Microsoft Visual Studio Solution File, Format Version 12.00
# Visual Studio Version 16
VisualStudioVersion = 16.0.31729.503
MinimumVisualStudioVersion = 10.0.40219.1
Project("{FAE04EC0-301F-11D3-BF4B-00C04F79EFBC}") = "String-Metodlar", "String-Metodlar\String-Metodlar.csproj", "{7CAF3D71-0DF7-48B7-B573-C267D6B0EF5B}"
EndProject
Global
	GlobalSection(SolutionConfigurationPlatforms) = preSolution
		Debug|Any CPU = Debug|Any CPU
		Release|Any CPU = Release|Any CPU
	EndGlobalSection
	GlobalSection(ProjectConfigurationPlatforms) = postSolution
		{7CAF3D71-0DF7-48B7-B573-C267D6B0EF5B}.Debug|Any CPU.ActiveCfg = Debug|Any CPU
		{7CAF3D71-0DF7-48B7-B573-C267D6B0EF5B}.Debug|Any CPU.Build.0 = Debug|Any CPU
		{7CAF3D71-0DF7-48B7-B573-C267D6B0EF5B}.Release|Any CPU.ActiveCfg = Release|Any CPU
		{7CAF3D71-0DF7-48B7-B573-C267D6B0EF5B}.Release|Any CPU.Build.0 = Release|Any CPU
	EndGlobalSection
	GlobalSection(SolutionProperties) = preSolution
		HideSolutionNode = FALSE
	EndGlobalSection
	GlobalSection(ExtensibilityGlobals) = postSolution
		SolutionGuid = {FE8AA879-5BF1-4561-97B9-7C14A9DE5E9C}
	EndGlobalSection
EndGlobal
